lockfileVersion: '9.0'

importers:

  packages/p1:
    dependencies:
      c.example/gamma:
        specifier: ^3.0.0
        version: 3.1.0
    devDependencies:
      d.example/delta:
        specifier: ^1.0.0
        version: 1.4.2(peer-notes@1.0.0)
      z.example/zeta:
        specifier: ^0.0.1
        version: 0.0.1
